
Microsoft Visual Studio Solution File, Format Version 12.00
# Visual Studio Version 16
VisualStudioVersion = 16.0.31025.194
MinimumVisualStudioVersion = 10.0.40219.1
Project("{FAE04EC0-301F-11D3-BF4B-00C04F79EFBC}") = "AwanEcommerce.WepApi", "AwanEcommerceWepApi\AwanEcommerce.WepApi.csproj", "{3FD35E8A-7CB7-400C-9440-7928384FC0C8}"
EndProject
Project("{FAE04EC0-301F-11D3-BF4B-00C04F79EFBC}") = "AwanEcommerce.Infrastructure", "AwanEcommerce.Infrastructure\AwanEcommerce.Infrastructure.csproj", "{92F1EB93-602D-4D46-921C-B0846386D15A}"
EndProject
Project("{FAE04EC0-301F-11D3-BF4B-00C04F79EFBC}") = "AwanEcommerce.Domain", "AwanEcommerce.Domain\AwanEcommerce.Domain.csproj", "{B0A7EFA1-F071-4C19-989D-8D1925E087F3}"
EndProject
Project("{FAE04EC0-301F-11D3-BF4B-00C04F79EFBC}") = "AwanEcommerce.Services", "AwanEcommerce.Services\AwanEcommerce.Services.csproj", "{1FDA8516-C3E6-4A88-86BF-1932A2481E8F}"
EndProject
Global
	GlobalSection(SolutionConfigurationPlatforms) = preSolution
		Debug|Any CPU = Debug|Any CPU
		Release|Any CPU = Release|Any CPU
	EndGlobalSection
	GlobalSection(ProjectConfigurationPlatforms) = postSolution
		{3FD35E8A-7CB7-400C-9440-7928384FC0C8}.Debug|Any CPU.ActiveCfg = Debug|Any CPU
		{3FD35E8A-7CB7-400C-9440-7928384FC0C8}.Debug|Any CPU.Build.0 = Debug|Any CPU
		{3FD35E8A-7CB7-400C-9440-7928384FC0C8}.Release|Any CPU.ActiveCfg = Release|Any CPU
		{3FD35E8A-7CB7-400C-9440-7928384FC0C8}.Release|Any CPU.Build.0 = Release|Any CPU
		{92F1EB93-602D-4D46-921C-B0846386D15A}.Debug|Any CPU.ActiveCfg = Debug|Any CPU
		{92F1EB93-602D-4D46-921C-B0846386D15A}.Debug|Any CPU.Build.0 = Debug|Any CPU
		{92F1EB93-602D-4D46-921C-B0846386D15A}.Release|Any CPU.ActiveCfg = Release|Any CPU
		{92F1EB93-602D-4D46-921C-B0846386D15A}.Release|Any CPU.Build.0 = Release|Any CPU
		{B0A7EFA1-F071-4C19-989D-8D1925E087F3}.Debug|Any CPU.ActiveCfg = Debug|Any CPU
		{B0A7EFA1-F071-4C19-989D-8D1925E087F3}.Debug|Any CPU.Build.0 = Debug|Any CPU
		{B0A7EFA1-F071-4C19-989D-8D1925E087F3}.Release|Any CPU.ActiveCfg = Release|Any CPU
		{B0A7EFA1-F071-4C19-989D-8D1925E087F3}.Release|Any CPU.Build.0 = Release|Any CPU
		{1FDA8516-C3E6-4A88-86BF-1932A2481E8F}.Debug|Any CPU.ActiveCfg = Debug|Any CPU
		{1FDA8516-C3E6-4A88-86BF-1932A2481E8F}.Debug|Any CPU.Build.0 = Debug|Any CPU
		{1FDA8516-C3E6-4A88-86BF-1932A2481E8F}.Release|Any CPU.ActiveCfg = Release|Any CPU
		{1FDA8516-C3E6-4A88-86BF-1932A2481E8F}.Release|Any CPU.Build.0 = Release|Any CPU
	EndGlobalSection
	GlobalSection(SolutionProperties) = preSolution
		HideSolutionNode = FALSE
	EndGlobalSection
	GlobalSection(ExtensibilityGlobals) = postSolution
		SolutionGuid = {8A11F93C-3F20-4D85-A9CA-1BE9BFF4AADE}
	EndGlobalSection
EndGlobal
